
Microsoft Visual Studio Solution File, Format Version 12.00
# Visual Studio Version 16
VisualStudioVersion = 16.0.29728.190
MinimumVisualStudioVersion = 10.0.40219.1
Project("{FAE04EC0-301F-11D3-BF4B-00C04F79EFBC}") = "BCG.UI", "BCG.UI\BCG.UI.csproj", "{2A9716C1-09DD-4491-95CC-30504F2212EC}"
EndProject
Project("{FAE04EC0-301F-11D3-BF4B-00C04F79EFBC}") = "BCG.DataAccess", "BCG.DataAccess\BCG.DataAccess.csproj", "{468D964B-A016-4B09-90CB-149C34DDF417}"
EndProject
Project("{FAE04EC0-301F-11D3-BF4B-00C04F79EFBC}") = "BCG.Model", "BCG.Model\BCG.Model.csproj", "{D61239E7-1C15-4A61-BEAD-418C649F973F}"
EndProject
Global
	GlobalSection(SolutionConfigurationPlatforms) = preSolution
		Debug|Any CPU = Debug|Any CPU
		Release|Any CPU = Release|Any CPU
	EndGlobalSection
	GlobalSection(ProjectConfigurationPlatforms) = postSolution
		{2A9716C1-09DD-4491-95CC-30504F2212EC}.Debug|Any CPU.ActiveCfg = Debug|Any CPU
		{2A9716C1-09DD-4491-95CC-30504F2212EC}.Debug|Any CPU.Build.0 = Debug|Any CPU
		{2A9716C1-09DD-4491-95CC-30504F2212EC}.Release|Any CPU.ActiveCfg = Release|Any CPU
		{2A9716C1-09DD-4491-95CC-30504F2212EC}.Release|Any CPU.Build.0 = Release|Any CPU
		{468D964B-A016-4B09-90CB-149C34DDF417}.Debug|Any CPU.ActiveCfg = Debug|Any CPU
		{468D964B-A016-4B09-90CB-149C34DDF417}.Debug|Any CPU.Build.0 = Debug|Any CPU
		{468D964B-A016-4B09-90CB-149C34DDF417}.Release|Any CPU.ActiveCfg = Release|Any CPU
		{468D964B-A016-4B09-90CB-149C34DDF417}.Release|Any CPU.Build.0 = Release|Any CPU
		{D61239E7-1C15-4A61-BEAD-418C649F973F}.Debug|Any CPU.ActiveCfg = Debug|Any CPU
		{D61239E7-1C15-4A61-BEAD-418C649F973F}.Debug|Any CPU.Build.0 = Debug|Any CPU
		{D61239E7-1C15-4A61-BEAD-418C649F973F}.Release|Any CPU.ActiveCfg = Release|Any CPU
		{D61239E7-1C15-4A61-BEAD-418C649F973F}.Release|Any CPU.Build.0 = Release|Any CPU
	EndGlobalSection
	GlobalSection(SolutionProperties) = preSolution
		HideSolutionNode = FALSE
	EndGlobalSection
	GlobalSection(ExtensibilityGlobals) = postSolution
		SolutionGuid = {079E8099-4B9E-47CD-AF48-F5CBE9A1CF16}
	EndGlobalSection
EndGlobal
